// !$*UTF8*$!
{
	archiveVersion = 1;
	classes = {
	};
	objectVersion = 50;
	objects = {

/* Begin PBXBuildFile section */
		C41C855521C41BDF0018380D /* CoreData.swift in Sources */ = {isa = PBXBuildFile; fileRef = C41C855421C41BDF0018380D /* CoreData.swift */; };
		C41C855721C41CF80018380D /* Livro.swift in Sources */ = {isa = PBXBuildFile; fileRef = C41C855621C41CF80018380D /* Livro.swift */; };
		C4207CA121C9728000DB891E /* Livros.xcdatamodeld in Sources */ = {isa = PBXBuildFile; fileRef = C4207C9F21C9728000DB891E /* Livros.xcdatamodeld */; };
		C430AE9F21C93D080066BD2E /* Lista.swift in Sources */ = {isa = PBXBuildFile; fileRef = C430AE9E21C93D080066BD2E /* Lista.swift */; };
		C430AEA121C9419D0066BD2E /* Notification.swift in Sources */ = {isa = PBXBuildFile; fileRef = C430AEA021C9419D0066BD2E /* Notification.swift */; };
		C430AEA621C96A710066BD2E /* Notifications.swift in Sources */ = {isa = PBXBuildFile; fileRef = C430AEA521C96A710066BD2E /* Notifications.swift */; };
		D73419A921C81FFA00091795 /* CollectionViewCellController.swift in Sources */ = {isa = PBXBuildFile; fileRef = D73419A821C81FFA00091795 /* CollectionViewCellController.swift */; };
		D7C3BCEF21C8E8A000AE5F7C /* viewControlerAddLivros.swift in Sources */ = {isa = PBXBuildFile; fileRef = D7C3BCEE21C8E8A000AE5F7C /* viewControlerAddLivros.swift */; };
		D7DF9E1721C1AAF10018B3EA /* AppDelegate.swift in Sources */ = {isa = PBXBuildFile; fileRef = D7DF9E1621C1AAF10018B3EA /* AppDelegate.swift */; };
		D7DF9E1921C1AAF10018B3EA /* ViewController.swift in Sources */ = {isa = PBXBuildFile; fileRef = D7DF9E1821C1AAF10018B3EA /* ViewController.swift */; };
		D7DF9E1C21C1AAF10018B3EA /* Main.storyboard in Resources */ = {isa = PBXBuildFile; fileRef = D7DF9E1A21C1AAF10018B3EA /* Main.storyboard */; };
		D7DF9E1E21C1AAF20018B3EA /* Assets.xcassets in Resources */ = {isa = PBXBuildFile; fileRef = D7DF9E1D21C1AAF20018B3EA /* Assets.xcassets */; };
		D7DF9E2121C1AAF20018B3EA /* LaunchScreen.storyboard in Resources */ = {isa = PBXBuildFile; fileRef = D7DF9E1F21C1AAF20018B3EA /* LaunchScreen.storyboard */; };
		D7DF9E2621C1AAF20018B3EA /* challenge5 WatchKit App.app in Embed Watch Content */ = {isa = PBXBuildFile; fileRef = D7DF9E2521C1AAF20018B3EA /* challenge5 WatchKit App.app */; };
		D7DF9E2C21C1AAF20018B3EA /* Interface.storyboard in Resources */ = {isa = PBXBuildFile; fileRef = D7DF9E2A21C1AAF20018B3EA /* Interface.storyboard */; };
		D7DF9E2E21C1AAF30018B3EA /* Assests.xcassets in Resources */ = {isa = PBXBuildFile; fileRef = D7DF9E2D21C1AAF30018B3EA /* Assests.xcassets */; };
		D7DF9E3521C1AAF30018B3EA /* challenge5 WatchKit Extension.appex in Embed App Extensions */ = {isa = PBXBuildFile; fileRef = D7DF9E3421C1AAF30018B3EA /* challenge5 WatchKit Extension.appex */; settings = {ATTRIBUTES = (RemoveHeadersOnCopy, ); }; };
		D7DF9E3A21C1AAF30018B3EA /* InterfaceController.swift in Sources */ = {isa = PBXBuildFile; fileRef = D7DF9E3921C1AAF30018B3EA /* InterfaceController.swift */; };
		D7DF9E3C21C1AAF30018B3EA /* ExtensionDelegate.swift in Sources */ = {isa = PBXBuildFile; fileRef = D7DF9E3B21C1AAF30018B3EA /* ExtensionDelegate.swift */; };
		D7DF9E3E21C1AAF30018B3EA /* NotificationController.swift in Sources */ = {isa = PBXBuildFile; fileRef = D7DF9E3D21C1AAF30018B3EA /* NotificationController.swift */; };
		D7DF9E4021C1AAF40018B3EA /* Assets.xcassets in Resources */ = {isa = PBXBuildFile; fileRef = D7DF9E3F21C1AAF40018B3EA /* Assets.xcassets */; };
		D7DF9E5A21C2D5700018B3EA /* InterfaceControllerRelogio.swift in Sources */ = {isa = PBXBuildFile; fileRef = D7DF9E5921C2D5700018B3EA /* InterfaceControllerRelogio.swift */; };
		D7DF9E5C21C2EB090018B3EA /* InterfaceControllerGravador.swift in Sources */ = {isa = PBXBuildFile; fileRef = D7DF9E5B21C2EB090018B3EA /* InterfaceControllerGravador.swift */; };
		D7DF9E5E21C2EC690018B3EA /* Extensions.swift in Sources */ = {isa = PBXBuildFile; fileRef = D7DF9E5D21C2EC690018B3EA /* Extensions.swift */; };
		D7DF9E6021C41FF40018B3EA /* InterfaceControllerLivros.swift in Sources */ = {isa = PBXBuildFile; fileRef = D7DF9E5F21C41FF40018B3EA /* InterfaceControllerLivros.swift */; };
		D7DF9E6421C420C70018B3EA /* RowController.swift in Sources */ = {isa = PBXBuildFile; fileRef = D7DF9E6321C420C70018B3EA /* RowController.swift */; };
/* End PBXBuildFile section */

/* Begin PBXContainerItemProxy section */
		D7DF9E2721C1AAF20018B3EA /* PBXContainerItemProxy */ = {
			isa = PBXContainerItemProxy;
			containerPortal = D7DF9E0B21C1AAF10018B3EA /* Project object */;
			proxyType = 1;
			remoteGlobalIDString = D7DF9E2421C1AAF20018B3EA;
			remoteInfo = "challenge5 WatchKit App";
		};
		D7DF9E3621C1AAF30018B3EA /* PBXContainerItemProxy */ = {
			isa = PBXContainerItemProxy;
			containerPortal = D7DF9E0B21C1AAF10018B3EA /* Project object */;
			proxyType = 1;
			remoteGlobalIDString = D7DF9E3321C1AAF30018B3EA;
			remoteInfo = "challenge5 WatchKit Extension";
		};
/* End PBXContainerItemProxy section */

/* Begin PBXCopyFilesBuildPhase section */
		D7DF9E4821C1AAF40018B3EA /* Embed App Extensions */ = {
			isa = PBXCopyFilesBuildPhase;
			buildActionMask = 2147483647;
			dstPath = "";
			dstSubfolderSpec = 13;
			files = (
				D7DF9E3521C1AAF30018B3EA /* challenge5 WatchKit Extension.appex in Embed App Extensions */,
			);
			name = "Embed App Extensions";
			runOnlyForDeploymentPostprocessing = 0;
		};
		D7DF9E4C21C1AAF40018B3EA /* Embed Watch Content */ = {
			isa = PBXCopyFilesBuildPhase;
			buildActionMask = 2147483647;
			dstPath = "$(CONTENTS_FOLDER_PATH)/Watch";
			dstSubfolderSpec = 16;
			files = (
				D7DF9E2621C1AAF20018B3EA /* challenge5 WatchKit App.app in Embed Watch Content */,
			);
			name = "Embed Watch Content";
			runOnlyForDeploymentPostprocessing = 0;
		};
/* End PBXCopyFilesBuildPhase section */

/* Begin PBXFileReference section */
		C41C855421C41BDF0018380D /* CoreData.swift */ = {isa = PBXFileReference; lastKnownFileType = sourcecode.swift; path = CoreData.swift; sourceTree = "<group>"; };
		C41C855621C41CF80018380D /* Livro.swift */ = {isa = PBXFileReference; lastKnownFileType = sourcecode.swift; path = Livro.swift; sourceTree = "<group>"; };
		C4207CA021C9728000DB891E /* Livros.xcdatamodel */ = {isa = PBXFileReference; lastKnownFileType = wrapper.xcdatamodel; path = Livros.xcdatamodel; sourceTree = "<group>"; };
		C430AE9E21C93D080066BD2E /* Lista.swift */ = {isa = PBXFileReference; lastKnownFileType = sourcecode.swift; path = Lista.swift; sourceTree = "<group>"; };
		C430AEA021C9419D0066BD2E /* Notification.swift */ = {isa = PBXFileReference; lastKnownFileType = sourcecode.swift; path = Notification.swift; sourceTree = "<group>"; };
		C430AEA521C96A710066BD2E /* Notifications.swift */ = {isa = PBXFileReference; lastKnownFileType = sourcecode.swift; path = Notifications.swift; sourceTree = "<group>"; };
		D73419A821C81FFA00091795 /* CollectionViewCellController.swift */ = {isa = PBXFileReference; lastKnownFileType = sourcecode.swift; path = CollectionViewCellController.swift; sourceTree = "<group>"; };
		D7C3BCEE21C8E8A000AE5F7C /* viewControlerAddLivros.swift */ = {isa = PBXFileReference; lastKnownFileType = sourcecode.swift; path = viewControlerAddLivros.swift; sourceTree = "<group>"; };
		D7DF9E1321C1AAF10018B3EA /* challenge5.app */ = {isa = PBXFileReference; explicitFileType = wrapper.application; includeInIndex = 0; path = challenge5.app; sourceTree = BUILT_PRODUCTS_DIR; };
		D7DF9E1621C1AAF10018B3EA /* AppDelegate.swift */ = {isa = PBXFileReference; lastKnownFileType = sourcecode.swift; path = AppDelegate.swift; sourceTree = "<group>"; };
		D7DF9E1821C1AAF10018B3EA /* ViewController.swift */ = {isa = PBXFileReference; lastKnownFileType = sourcecode.swift; path = ViewController.swift; sourceTree = "<group>"; };
		D7DF9E1B21C1AAF10018B3EA /* Base */ = {isa = PBXFileReference; lastKnownFileType = file.storyboard; name = Base; path = Base.lproj/Main.storyboard; sourceTree = "<group>"; };
		D7DF9E1D21C1AAF20018B3EA /* Assets.xcassets */ = {isa = PBXFileReference; lastKnownFileType = folder.assetcatalog; path = Assets.xcassets; sourceTree = "<group>"; };
		D7DF9E2021C1AAF20018B3EA /* Base */ = {isa = PBXFileReference; lastKnownFileType = file.storyboard; name = Base; path = Base.lproj/LaunchScreen.storyboard; sourceTree = "<group>"; };
		D7DF9E2221C1AAF20018B3EA /* Info.plist */ = {isa = PBXFileReference; lastKnownFileType = text.plist.xml; path = Info.plist; sourceTree = "<group>"; };
		D7DF9E2521C1AAF20018B3EA /* challenge5 WatchKit App.app */ = {isa = PBXFileReference; explicitFileType = wrapper.application; includeInIndex = 0; path = "challenge5 WatchKit App.app"; sourceTree = BUILT_PRODUCTS_DIR; };
		D7DF9E2B21C1AAF20018B3EA /* Base */ = {isa = PBXFileReference; lastKnownFileType = file.storyboard; name = Base; path = Base.lproj/Interface.storyboard; sourceTree = "<group>"; };
		D7DF9E2D21C1AAF30018B3EA /* Assests.xcassets */ = {isa = PBXFileReference; lastKnownFileType = folder.assetcatalog; path = Assests.xcassets; sourceTree = "<group>"; };
		D7DF9E2F21C1AAF30018B3EA /* Info.plist */ = {isa = PBXFileReference; lastKnownFileType = text.plist.xml; path = Info.plist; sourceTree = "<group>"; };
		D7DF9E3421C1AAF30018B3EA /* challenge5 WatchKit Extension.appex */ = {isa = PBXFileReference; explicitFileType = "wrapper.app-extension"; includeInIndex = 0; path = "challenge5 WatchKit Extension.appex"; sourceTree = BUILT_PRODUCTS_DIR; };
		D7DF9E3921C1AAF30018B3EA /* InterfaceController.swift */ = {isa = PBXFileReference; lastKnownFileType = sourcecode.swift; path = InterfaceController.swift; sourceTree = "<group>"; };
		D7DF9E3B21C1AAF30018B3EA /* ExtensionDelegate.swift */ = {isa = PBXFileReference; lastKnownFileType = sourcecode.swift; path = ExtensionDelegate.swift; sourceTree = "<group>"; };
		D7DF9E3D21C1AAF30018B3EA /* NotificationController.swift */ = {isa = PBXFileReference; lastKnownFileType = sourcecode.swift; path = NotificationController.swift; sourceTree = "<group>"; };
		D7DF9E3F21C1AAF40018B3EA /* Assets.xcassets */ = {isa = PBXFileReference; lastKnownFileType = folder.assetcatalog; path = Assets.xcassets; sourceTree = "<group>"; };
		D7DF9E4121C1AAF40018B3EA /* Info.plist */ = {isa = PBXFileReference; lastKnownFileType = text.plist.xml; path = Info.plist; sourceTree = "<group>"; };
		D7DF9E4221C1AAF40018B3EA /* PushNotificationPayload.apns */ = {isa = PBXFileReference; lastKnownFileType = text; path = PushNotificationPayload.apns; sourceTree = "<group>"; };
		D7DF9E5921C2D5700018B3EA /* InterfaceControllerRelogio.swift */ = {isa = PBXFileReference; lastKnownFileType = sourcecode.swift; path = InterfaceControllerRelogio.swift; sourceTree = "<group>"; };
		D7DF9E5B21C2EB090018B3EA /* InterfaceControllerGravador.swift */ = {isa = PBXFileReference; lastKnownFileType = sourcecode.swift; path = InterfaceControllerGravador.swift; sourceTree = "<group>"; };
		D7DF9E5D21C2EC690018B3EA /* Extensions.swift */ = {isa = PBXFileReference; lastKnownFileType = sourcecode.swift; path = Extensions.swift; sourceTree = "<group>"; };
		D7DF9E5F21C41FF40018B3EA /* InterfaceControllerLivros.swift */ = {isa = PBXFileReference; lastKnownFileType = sourcecode.swift; path = InterfaceControllerLivros.swift; sourceTree = "<group>"; };
		D7DF9E6321C420C70018B3EA /* RowController.swift */ = {isa = PBXFileReference; lastKnownFileType = sourcecode.swift; path = RowController.swift; sourceTree = "<group>"; };
/* End PBXFileReference section */

/* Begin PBXFrameworksBuildPhase section */
		D7DF9E1021C1AAF10018B3EA /* Frameworks */ = {
			isa = PBXFrameworksBuildPhase;
			buildActionMask = 2147483647;
			files = (
			);
			runOnlyForDeploymentPostprocessing = 0;
		};
		D7DF9E3121C1AAF30018B3EA /* Frameworks */ = {
			isa = PBXFrameworksBuildPhase;
			buildActionMask = 2147483647;
			files = (
			);
			runOnlyForDeploymentPostprocessing = 0;
		};
/* End PBXFrameworksBuildPhase section */

/* Begin PBXGroup section */
		D7DF9E0A21C1AAF10018B3EA = {
			isa = PBXGroup;
			children = (
				D7DF9E1521C1AAF10018B3EA /* challenge5 */,
				D7DF9E2921C1AAF20018B3EA /* challenge5 WatchKit App */,
				D7DF9E3821C1AAF30018B3EA /* challenge5 WatchKit Extension */,
				D7DF9E1421C1AAF10018B3EA /* Products */,
			);
			sourceTree = "<group>";
		};
		D7DF9E1421C1AAF10018B3EA /* Products */ = {
			isa = PBXGroup;
			children = (
				D7DF9E1321C1AAF10018B3EA /* challenge5.app */,
				D7DF9E2521C1AAF20018B3EA /* challenge5 WatchKit App.app */,
				D7DF9E3421C1AAF30018B3EA /* challenge5 WatchKit Extension.appex */,
			);
			name = Products;
			sourceTree = "<group>";
		};
		D7DF9E1521C1AAF10018B3EA /* challenge5 */ = {
			isa = PBXGroup;
			children = (
				D7DF9E5221C261120018B3EA /* Model */,
				D7DF9E5121C261080018B3EA /* View */,
				D7DF9E5021C260F80018B3EA /* Controller */,
				D7DF9E2221C1AAF20018B3EA /* Info.plist */,
			);
			path = challenge5;
			sourceTree = "<group>";
		};
		D7DF9E2921C1AAF20018B3EA /* challenge5 WatchKit App */ = {
			isa = PBXGroup;
			children = (
				D7DF9E5321C261400018B3EA /* View */,
				D7DF9E2F21C1AAF30018B3EA /* Info.plist */,
			);
			path = "challenge5 WatchKit App";
			sourceTree = "<group>";
		};
		D7DF9E3821C1AAF30018B3EA /* challenge5 WatchKit Extension */ = {
			isa = PBXGroup;
			children = (
				D7DF9E5621C261640018B3EA /* Model */,
				D7DF9E5521C2615A0018B3EA /* View */,
				D7DF9E5421C2614F0018B3EA /* Controller */,
				D7DF9E4121C1AAF40018B3EA /* Info.plist */,
			);
			path = "challenge5 WatchKit Extension";
			sourceTree = "<group>";
		};
		D7DF9E5021C260F80018B3EA /* Controller */ = {
			isa = PBXGroup;
			children = (
				D7DF9E1621C1AAF10018B3EA /* AppDelegate.swift */,
				D7DF9E1821C1AAF10018B3EA /* ViewController.swift */,
				D73419A821C81FFA00091795 /* CollectionViewCellController.swift */,
				D7C3BCEE21C8E8A000AE5F7C /* viewControlerAddLivros.swift */,
			);
			path = Controller;
			sourceTree = "<group>";
		};
		D7DF9E5121C261080018B3EA /* View */ = {
			isa = PBXGroup;
			children = (
				D7DF9E1D21C1AAF20018B3EA /* Assets.xcassets */,
				D7DF9E1F21C1AAF20018B3EA /* LaunchScreen.storyboard */,
				D7DF9E1A21C1AAF10018B3EA /* Main.storyboard */,
			);
			path = View;
			sourceTree = "<group>";
		};
		D7DF9E5221C261120018B3EA /* Model */ = {
			isa = PBXGroup;
			children = (
				C41C855421C41BDF0018380D /* CoreData.swift */,
				C41C855621C41CF80018380D /* Livro.swift */,
				C430AEA521C96A710066BD2E /* Notifications.swift */,
				C4207C9F21C9728000DB891E /* Livros.xcdatamodeld */,
			);
			path = Model;
			sourceTree = "<group>";
		};
		D7DF9E5321C261400018B3EA /* View */ = {
			isa = PBXGroup;
			children = (
				D7DF9E2A21C1AAF20018B3EA /* Interface.storyboard */,
				D7DF9E2D21C1AAF30018B3EA /* Assests.xcassets */,
			);
			path = View;
			sourceTree = "<group>";
		};
		D7DF9E5421C2614F0018B3EA /* Controller */ = {
			isa = PBXGroup;
			children = (
				D7DF9E3B21C1AAF30018B3EA /* ExtensionDelegate.swift */,
				D7DF9E3921C1AAF30018B3EA /* InterfaceController.swift */,
				D7DF9E5921C2D5700018B3EA /* InterfaceControllerRelogio.swift */,
				D7DF9E5B21C2EB090018B3EA /* InterfaceControllerGravador.swift */,
				D7DF9E5F21C41FF40018B3EA /* InterfaceControllerLivros.swift */,
				D7DF9E6321C420C70018B3EA /* RowController.swift */,
				D7DF9E3D21C1AAF30018B3EA /* NotificationController.swift */,
			);
			path = Controller;
			sourceTree = "<group>";
		};
		D7DF9E5521C2615A0018B3EA /* View */ = {
			isa = PBXGroup;
			children = (
				D7DF9E3F21C1AAF40018B3EA /* Assets.xcassets */,
			);
			path = View;
			sourceTree = "<group>";
		};
		D7DF9E5621C261640018B3EA /* Model */ = {
			isa = PBXGroup;
			children = (
				D7DF9E4221C1AAF40018B3EA /* PushNotificationPayload.apns */,
				D7DF9E5D21C2EC690018B3EA /* Extensions.swift */,
				C430AE9E21C93D080066BD2E /* Lista.swift */,
				C430AEA021C9419D0066BD2E /* Notification.swift */,
			);
			path = Model;
			sourceTree = "<group>";
		};
/* End PBXGroup section */

/* Begin PBXNativeTarget section */
		D7DF9E1221C1AAF10018B3EA /* challenge5 */ = {
			isa = PBXNativeTarget;
			buildConfigurationList = D7DF9E4D21C1AAF40018B3EA /* Build configuration list for PBXNativeTarget "challenge5" */;
			buildPhases = (
				D7DF9E0F21C1AAF10018B3EA /* Sources */,
				D7DF9E1021C1AAF10018B3EA /* Frameworks */,
				D7DF9E1121C1AAF10018B3EA /* Resources */,
				D7DF9E4C21C1AAF40018B3EA /* Embed Watch Content */,
			);
			buildRules = (
			);
			dependencies = (
				D7DF9E2821C1AAF20018B3EA /* PBXTargetDependency */,
			);
			name = challenge5;
			productName = challenge5;
			productReference = D7DF9E1321C1AAF10018B3EA /* challenge5.app */;
			productType = "com.apple.product-type.application";
		};
		D7DF9E2421C1AAF20018B3EA /* challenge5 WatchKit App */ = {
			isa = PBXNativeTarget;
			buildConfigurationList = D7DF9E4921C1AAF40018B3EA /* Build configuration list for PBXNativeTarget "challenge5 WatchKit App" */;
			buildPhases = (
				D7DF9E2321C1AAF20018B3EA /* Resources */,
				D7DF9E4821C1AAF40018B3EA /* Embed App Extensions */,
			);
			buildRules = (
			);
			dependencies = (
				D7DF9E3721C1AAF30018B3EA /* PBXTargetDependency */,
			);
			name = "challenge5 WatchKit App";
			productName = "challenge5 WatchKit App";
			productReference = D7DF9E2521C1AAF20018B3EA /* challenge5 WatchKit App.app */;
			productType = "com.apple.product-type.application.watchapp2";
		};
		D7DF9E3321C1AAF30018B3EA /* challenge5 WatchKit Extension */ = {
			isa = PBXNativeTarget;
			buildConfigurationList = D7DF9E4521C1AAF40018B3EA /* Build configuration list for PBXNativeTarget "challenge5 WatchKit Extension" */;
			buildPhases = (
				D7DF9E3021C1AAF30018B3EA /* Sources */,
				D7DF9E3121C1AAF30018B3EA /* Frameworks */,
				D7DF9E3221C1AAF30018B3EA /* Resources */,
			);
			buildRules = (
			);
			dependencies = (
			);
			name = "challenge5 WatchKit Extension";
			productName = "challenge5 WatchKit Extension";
			productReference = D7DF9E3421C1AAF30018B3EA /* challenge5 WatchKit Extension.appex */;
			productType = "com.apple.product-type.watchkit2-extension";
		};
/* End PBXNativeTarget section */

/* Begin PBXProject section */
		D7DF9E0B21C1AAF10018B3EA /* Project object */ = {
			isa = PBXProject;
			attributes = {
				LastSwiftUpdateCheck = 1010;
				LastUpgradeCheck = 1010;
				ORGANIZATIONNAME = AcademyMistic;
				TargetAttributes = {
					D7DF9E1221C1AAF10018B3EA = {
						CreatedOnToolsVersion = 10.1;
					};
					D7DF9E2421C1AAF20018B3EA = {
						CreatedOnToolsVersion = 10.1;
					};
					D7DF9E3321C1AAF30018B3EA = {
						CreatedOnToolsVersion = 10.1;
					};
				};
			};
			buildConfigurationList = D7DF9E0E21C1AAF10018B3EA /* Build configuration list for PBXProject "challenge5" */;
			compatibilityVersion = "Xcode 9.3";
			developmentRegion = en;
			hasScannedForEncodings = 0;
			knownRegions = (
				en,
				Base,
			);
			mainGroup = D7DF9E0A21C1AAF10018B3EA;
			productRefGroup = D7DF9E1421C1AAF10018B3EA /* Products */;
			projectDirPath = "";
			projectRoot = "";
			targets = (
				D7DF9E1221C1AAF10018B3EA /* challenge5 */,
				D7DF9E2421C1AAF20018B3EA /* challenge5 WatchKit App */,
				D7DF9E3321C1AAF30018B3EA /* challenge5 WatchKit Extension */,
			);
		};
/* End PBXProject section */

/* Begin PBXResourcesBuildPhase section */
		D7DF9E1121C1AAF10018B3EA /* Resources */ = {
			isa = PBXResourcesBuildPhase;
			buildActionMask = 2147483647;
			files = (
				D7DF9E2121C1AAF20018B3EA /* LaunchScreen.storyboard in Resources */,
				D7DF9E1E21C1AAF20018B3EA /* Assets.xcassets in Resources */,
				D7DF9E1C21C1AAF10018B3EA /* Main.storyboard in Resources */,
			);
			runOnlyForDeploymentPostprocessing = 0;
		};
		D7DF9E2321C1AAF20018B3EA /* Resources */ = {
			isa = PBXResourcesBuildPhase;
			buildActionMask = 2147483647;
			files = (
				D7DF9E2E21C1AAF30018B3EA /* Assests.xcassets in Resources */,
				D7DF9E2C21C1AAF20018B3EA /* Interface.storyboard in Resources */,
			);
			runOnlyForDeploymentPostprocessing = 0;
		};
		D7DF9E3221C1AAF30018B3EA /* Resources */ = {
			isa = PBXResourcesBuildPhase;
			buildActionMask = 2147483647;
			files = (
				D7DF9E4021C1AAF40018B3EA /* Assets.xcassets in Resources */,
			);
			runOnlyForDeploymentPostprocessing = 0;
		};
/* End PBXResourcesBuildPhase section */

/* Begin PBXSourcesBuildPhase section */
		D7DF9E0F21C1AAF10018B3EA /* Sources */ = {
			isa = PBXSourcesBuildPhase;
			buildActionMask = 2147483647;
			files = (
				C430AEA621C96A710066BD2E /* Notifications.swift in Sources */,
				C41C855521C41BDF0018380D /* CoreData.swift in Sources */,
				C4207CA121C9728000DB891E /* Livros.xcdatamodeld in Sources */,
				D7DF9E1921C1AAF10018B3EA /* ViewController.swift in Sources */,
				D7DF9E1721C1AAF10018B3EA /* AppDelegate.swift in Sources */,
				D73419A921C81FFA00091795 /* CollectionViewCellController.swift in Sources */,
				D7C3BCEF21C8E8A000AE5F7C /* viewControlerAddLivros.swift in Sources */,
				C41C855721C41CF80018380D /* Livro.swift in Sources */,
			);
			runOnlyForDeploymentPostprocessing = 0;
		};
		D7DF9E3021C1AAF30018B3EA /* Sources */ = {
			isa = PBXSourcesBuildPhase;
			buildActionMask = 2147483647;
			files = (
				D7DF9E3E21C1AAF30018B3EA /* NotificationController.swift in Sources */,
				D7DF9E6021C41FF40018B3EA /* InterfaceControllerLivros.swift in Sources */,
				D7DF9E6421C420C70018B3EA /* RowController.swift in Sources */,
				D7DF9E5E21C2EC690018B3EA /* Extensions.swift in Sources */,
				D7DF9E3C21C1AAF30018B3EA /* ExtensionDelegate.swift in Sources */,
				D7DF9E5A21C2D5700018B3EA /* InterfaceControllerRelogio.swift in Sources */,
				C430AEA121C9419D0066BD2E /* Notification.swift in Sources */,
				D7DF9E5C21C2EB090018B3EA /* InterfaceControllerGravador.swift in Sources */,
				D7DF9E3A21C1AAF30018B3EA /* InterfaceController.swift in Sources */,
				C430AE9F21C93D080066BD2E /* Lista.swift in Sources */,
			);
			runOnlyForDeploymentPostprocessing = 0;
		};
/* End PBXSourcesBuildPhase section */

/* Begin PBXTargetDependency section */
		D7DF9E2821C1AAF20018B3EA /* PBXTargetDependency */ = {
			isa = PBXTargetDependency;
			target = D7DF9E2421C1AAF20018B3EA /* challenge5 WatchKit App */;
			targetProxy = D7DF9E2721C1AAF20018B3EA /* PBXContainerItemProxy */;
		};
		D7DF9E3721C1AAF30018B3EA /* PBXTargetDependency */ = {
			isa = PBXTargetDependency;
			target = D7DF9E3321C1AAF30018B3EA /* challenge5 WatchKit Extension */;
			targetProxy = D7DF9E3621C1AAF30018B3EA /* PBXContainerItemProxy */;
		};
/* End PBXTargetDependency section */

/* Begin PBXVariantGroup section */
		D7DF9E1A21C1AAF10018B3EA /* Main.storyboard */ = {
			isa = PBXVariantGroup;
			children = (
				D7DF9E1B21C1AAF10018B3EA /* Base */,
			);
			name = Main.storyboard;
			sourceTree = "<group>";
		};
		D7DF9E1F21C1AAF20018B3EA /* LaunchScreen.storyboard */ = {
			isa = PBXVariantGroup;
			children = (
				D7DF9E2021C1AAF20018B3EA /* Base */,
			);
			name = LaunchScreen.storyboard;
			sourceTree = "<group>";
		};
		D7DF9E2A21C1AAF20018B3EA /* Interface.storyboard */ = {
			isa = PBXVariantGroup;
			children = (
				D7DF9E2B21C1AAF20018B3EA /* Base */,
			);
			name = Interface.storyboard;
			sourceTree = "<group>";
		};
/* End PBXVariantGroup section */

/* Begin XCBuildConfiguration section */
		D7DF9E4321C1AAF40018B3EA /* Debug */ = {
			isa = XCBuildConfiguration;
			buildSettings = {
				ALWAYS_SEARCH_USER_PATHS = NO;
				CLANG_ANALYZER_NONNULL = YES;
				CLANG_ANALYZER_NUMBER_OBJECT_CONVERSION = YES_AGGRESSIVE;
				CLANG_CXX_LANGUAGE_STANDARD = "gnu++14";
				CLANG_CXX_LIBRARY = "libc++";
				CLANG_ENABLE_MODULES = YES;
				CLANG_ENABLE_OBJC_ARC = YES;
				CLANG_ENABLE_OBJC_WEAK = YES;
				CLANG_WARN_BLOCK_CAPTURE_AUTORELEASING = YES;
				CLANG_WARN_BOOL_CONVERSION = YES;
				CLANG_WARN_COMMA = YES;
				CLANG_WARN_CONSTANT_CONVERSION = YES;
				CLANG_WARN_DEPRECATED_OBJC_IMPLEMENTATIONS = YES;
				CLANG_WARN_DIRECT_OBJC_ISA_USAGE = YES_ERROR;
				CLANG_WARN_DOCUMENTATION_COMMENTS = YES;
				CLANG_WARN_EMPTY_BODY = YES;
				CLANG_WARN_ENUM_CONVERSION = YES;
				CLANG_WARN_INFINITE_RECURSION = YES;
				CLANG_WARN_INT_CONVERSION = YES;
				CLANG_WARN_NON_LITERAL_NULL_CONVERSION = YES;
				CLANG_WARN_OBJC_IMPLICIT_RETAIN_SELF = YES;
				CLANG_WARN_OBJC_LITERAL_CONVERSION = YES;
				CLANG_WARN_OBJC_ROOT_CLASS = YES_ERROR;
				CLANG_WARN_RANGE_LOOP_ANALYSIS = YES;
				CLANG_WARN_STRICT_PROTOTYPES = YES;
				CLANG_WARN_SUSPICIOUS_MOVE = YES;
				CLANG_WARN_UNGUARDED_AVAILABILITY = YES_AGGRESSIVE;
				CLANG_WARN_UNREACHABLE_CODE = YES;
				CLANG_WARN__DUPLICATE_METHOD_MATCH = YES;
				CODE_SIGN_IDENTITY = "iPhone Developer";
				COPY_PHASE_STRIP = NO;
				DEBUG_INFORMATION_FORMAT = dwarf;
				ENABLE_STRICT_OBJC_MSGSEND = YES;
				ENABLE_TESTABILITY = YES;
				GCC_C_LANGUAGE_STANDARD = gnu11;
				GCC_DYNAMIC_NO_PIC = NO;
				GCC_NO_COMMON_BLOCKS = YES;
				GCC_OPTIMIZATION_LEVEL = 0;
				GCC_PREPROCESSOR_DEFINITIONS = (
					"DEBUG=1",
					"$(inherited)",
				);
				GCC_WARN_64_TO_32_BIT_CONVERSION = YES;
				GCC_WARN_ABOUT_RETURN_TYPE = YES_ERROR;
				GCC_WARN_UNDECLARED_SELECTOR = YES;
				GCC_WARN_UNINITIALIZED_AUTOS = YES_AGGRESSIVE;
				GCC_WARN_UNUSED_FUNCTION = YES;
				GCC_WARN_UNUSED_VARIABLE = YES;
				IPHONEOS_DEPLOYMENT_TARGET = 12.1;
				MTL_ENABLE_DEBUG_INFO = INCLUDE_SOURCE;
				MTL_FAST_MATH = YES;
				ONLY_ACTIVE_ARCH = YES;
				SDKROOT = iphoneos;
				SWIFT_ACTIVE_COMPILATION_CONDITIONS = DEBUG;
				SWIFT_OPTIMIZATION_LEVEL = "-Onone";
			};
			name = Debug;
		};
		D7DF9E4421C1AAF40018B3EA /* Release */ = {
			isa = XCBuildConfiguration;
			buildSettings = {
				ALWAYS_SEARCH_USER_PATHS = NO;
				CLANG_ANALYZER_NONNULL = YES;
				CLANG_ANALYZER_NUMBER_OBJECT_CONVERSION = YES_AGGRESSIVE;
				CLANG_CXX_LANGUAGE_STANDARD = "gnu++14";
				CLANG_CXX_LIBRARY = "libc++";
				CLANG_ENABLE_MODULES = YES;
				CLANG_ENABLE_OBJC_ARC = YES;
				CLANG_ENABLE_OBJC_WEAK = YES;
				CLANG_WARN_BLOCK_CAPTURE_AUTORELEASING = YES;
				CLANG_WARN_BOOL_CONVERSION = YES;
				CLANG_WARN_COMMA = YES;
				CLANG_WARN_CONSTANT_CONVERSION = YES;
				CLANG_WARN_DEPRECATED_OBJC_IMPLEMENTATIONS = YES;
				CLANG_WARN_DIRECT_OBJC_ISA_USAGE = YES_ERROR;
				CLANG_WARN_DOCUMENTATION_COMMENTS = YES;
				CLANG_WARN_EMPTY_BODY = YES;
				CLANG_WARN_ENUM_CONVERSION = YES;
				CLANG_WARN_INFINITE_RECURSION = YES;
				CLANG_WARN_INT_CONVERSION = YES;
				CLANG_WARN_NON_LITERAL_NULL_CONVERSION = YES;
				CLANG_WARN_OBJC_IMPLICIT_RETAIN_SELF = YES;
				CLANG_WARN_OBJC_LITERAL_CONVERSION = YES;
				CLANG_WARN_OBJC_ROOT_CLASS = YES_ERROR;
				CLANG_WARN_RANGE_LOOP_ANALYSIS = YES;
				CLANG_WARN_STRICT_PROTOTYPES = YES;
				CLANG_WARN_SUSPICIOUS_MOVE = YES;
				CLANG_WARN_UNGUARDED_AVAILABILITY = YES_AGGRESSIVE;
				CLANG_WARN_UNREACHABLE_CODE = YES;
				CLANG_WARN__DUPLICATE_METHOD_MATCH = YES;
				CODE_SIGN_IDENTITY = "iPhone Developer";
				COPY_PHASE_STRIP = NO;
				DEBUG_INFORMATION_FORMAT = "dwarf-with-dsym";
				ENABLE_NS_ASSERTIONS = NO;
				ENABLE_STRICT_OBJC_MSGSEND = YES;
				GCC_C_LANGUAGE_STANDARD = gnu11;
				GCC_NO_COMMON_BLOCKS = YES;
				GCC_WARN_64_TO_32_BIT_CONVERSION = YES;
				GCC_WARN_ABOUT_RETURN_TYPE = YES_ERROR;
				GCC_WARN_UNDECLARED_SELECTOR = YES;
				GCC_WARN_UNINITIALIZED_AUTOS = YES_AGGRESSIVE;
				GCC_WARN_UNUSED_FUNCTION = YES;
				GCC_WARN_UNUSED_VARIABLE = YES;
				IPHONEOS_DEPLOYMENT_TARGET = 12.1;
				MTL_ENABLE_DEBUG_INFO = NO;
				MTL_FAST_MATH = YES;
				SDKROOT = iphoneos;
				SWIFT_COMPILATION_MODE = wholemodule;
				SWIFT_OPTIMIZATION_LEVEL = "-O";
				VALIDATE_PRODUCT = YES;
			};
			name = Release;
		};
		D7DF9E4621C1AAF40018B3EA /* Debug */ = {
			isa = XCBuildConfiguration;
			buildSettings = {
				ASSETCATALOG_COMPILER_COMPLICATION_NAME = Complication;
				CODE_SIGN_STYLE = Automatic;
				DEVELOPMENT_TEAM = PQG7HAF33B;
				INFOPLIST_FILE = "challenge5 WatchKit Extension/Info.plist";
				LD_RUNPATH_SEARCH_PATHS = (
					"$(inherited)",
					"@executable_path/Frameworks",
					"@executable_path/../../Frameworks",
				);
				PRODUCT_BUNDLE_IDENTIFIER = com.academymistic.challenge5.watchkitapp.watchkitextension;
				PRODUCT_NAME = "${TARGET_NAME}";
				SDKROOT = watchos;
				SKIP_INSTALL = YES;
				SWIFT_VERSION = 4.2;
				TARGETED_DEVICE_FAMILY = 4;
				WATCHOS_DEPLOYMENT_TARGET = 5.1;
			};
			name = Debug;
		};
		D7DF9E4721C1AAF40018B3EA /* Release */ = {
			isa = XCBuildConfiguration;
			buildSettings = {
				ASSETCATALOG_COMPILER_COMPLICATION_NAME = Complication;
				CODE_SIGN_STYLE = Automatic;
				DEVELOPMENT_TEAM = PQG7HAF33B;
				INFOPLIST_FILE = "challenge5 WatchKit Extension/Info.plist";
				LD_RUNPATH_SEARCH_PATHS = (
					"$(inherited)",
					"@executable_path/Frameworks",
					"@executable_path/../../Frameworks",
				);
				PRODUCT_BUNDLE_IDENTIFIER = com.academymistic.challenge5.watchkitapp.watchkitextension;
				PRODUCT_NAME = "${TARGET_NAME}";
				SDKROOT = watchos;
				SKIP_INSTALL = YES;
				SWIFT_VERSION = 4.2;
				TARGETED_DEVICE_FAMILY = 4;
				WATCHOS_DEPLOYMENT_TARGET = 5.1;
			};
			name = Release;
		};
		D7DF9E4A21C1AAF40018B3EA /* Debug */ = {
			isa = XCBuildConfiguration;
			buildSettings = {
				ALWAYS_EMBED_SWIFT_STANDARD_LIBRARIES = YES;
				ASSETCATALOG_COMPILER_APPICON_NAME = AppIcon;
				CODE_SIGN_STYLE = Automatic;
				DEVELOPMENT_TEAM = PQG7HAF33B;
				IBSC_MODULE = challenge5_WatchKit_Extension;
				INFOPLIST_FILE = "challenge5 WatchKit App/Info.plist";
				PRODUCT_BUNDLE_IDENTIFIER = com.academymistic.challenge5.watchkitapp;
				PRODUCT_NAME = "$(TARGET_NAME)";
				SDKROOT = watchos;
				SKIP_INSTALL = YES;
				SWIFT_VERSION = 4.2;
				TARGETED_DEVICE_FAMILY = 4;
				WATCHOS_DEPLOYMENT_TARGET = 5.1;
			};
			name = Debug;
		};
		D7DF9E4B21C1AAF40018B3EA /* Release */ = {
			isa = XCBuildConfiguration;
			buildSettings = {
				ALWAYS_EMBED_SWIFT_STANDARD_LIBRARIES = YES;
				ASSETCATALOG_COMPILER_APPICON_NAME = AppIcon;
				CODE_SIGN_STYLE = Automatic;
				DEVELOPMENT_TEAM = PQG7HAF33B;
				IBSC_MODULE = challenge5_WatchKit_Extension;
				INFOPLIST_FILE = "challenge5 WatchKit App/Info.plist";
				PRODUCT_BUNDLE_IDENTIFIER = com.academymistic.challenge5.watchkitapp;
				PRODUCT_NAME = "$(TARGET_NAME)";
				SDKROOT = watchos;
				SKIP_INSTALL = YES;
				SWIFT_VERSION = 4.2;
				TARGETED_DEVICE_FAMILY = 4;
				WATCHOS_DEPLOYMENT_TARGET = 5.1;
			};
			name = Release;
		};
		D7DF9E4E21C1AAF40018B3EA /* Debug */ = {
			isa = XCBuildConfiguration;
			buildSettings = {
				ASSETCATALOG_COMPILER_APPICON_NAME = AppIcon;
				CODE_SIGN_STYLE = Automatic;
				DEVELOPMENT_TEAM = PQG7HAF33B;
				INFOPLIST_FILE = challenge5/Info.plist;
				LD_RUNPATH_SEARCH_PATHS = (
					"$(inherited)",
					"@executable_path/Frameworks",
				);
				PRODUCT_BUNDLE_IDENTIFIER = com.academymistic.challenge5;
				PRODUCT_NAME = "$(TARGET_NAME)";
				SWIFT_VERSION = 4.2;
				TARGETED_DEVICE_FAMILY = "1,2";
			};
			name = Debug;
		};
		D7DF9E4F21C1AAF40018B3EA /* Release */ = {
			isa = XCBuildConfiguration;
			buildSettings = {
				ASSETCATALOG_COMPILER_APPICON_NAME = AppIcon;
				CODE_SIGN_STYLE = Automatic;
				DEVELOPMENT_TEAM = PQG7HAF33B;
				INFOPLIST_FILE = challenge5/Info.plist;
				LD_RUNPATH_SEARCH_PATHS = (
					"$(inherited)",
					"@executable_path/Frameworks",
				);
				PRODUCT_BUNDLE_IDENTIFIER = com.academymistic.challenge5;
				PRODUCT_NAME = "$(TARGET_NAME)";
				SWIFT_VERSION = 4.2;
				TARGETED_DEVICE_FAMILY = "1,2";
			};
			name = Release;
		};
/* End XCBuildConfiguration section */

/* Begin XCConfigurationList section */
		D7DF9E0E21C1AAF10018B3EA /* Build configuration list for PBXProject "challenge5" */ = {
			isa = XCConfigurationList;
			buildConfigurations = (
				D7DF9E4321C1AAF40018B3EA /* Debug */,
				D7DF9E4421C1AAF40018B3EA /* Release */,
			);
			defaultConfigurationIsVisible = 0;
			defaultConfigurationName = Release;
		};
		D7DF9E4521C1AAF40018B3EA /* Build configuration list for PBXNativeTarget "challenge5 WatchKit Extension" */ = {
			isa = XCConfigurationList;
			buildConfigurations = (
				D7DF9E4621C1AAF40018B3EA /* Debug */,
				D7DF9E4721C1AAF40018B3EA /* Release */,
			);
			defaultConfigurationIsVisible = 0;
			defaultConfigurationName = Release;
		};
		D7DF9E4921C1AAF40018B3EA /* Build configuration list for PBXNativeTarget "challenge5 WatchKit App" */ = {
			isa = XCConfigurationList;
			buildConfigurations = (
				D7DF9E4A21C1AAF40018B3EA /* Debug */,
				D7DF9E4B21C1AAF40018B3EA /* Release */,
			);
			defaultConfigurationIsVisible = 0;
			defaultConfigurationName = Release;
		};
		D7DF9E4D21C1AAF40018B3EA /* Build configuration list for PBXNativeTarget "challenge5" */ = {
			isa = XCConfigurationList;
			buildConfigurations = (
				D7DF9E4E21C1AAF40018B3EA /* Debug */,
				D7DF9E4F21C1AAF40018B3EA /* Release */,
			);
			defaultConfigurationIsVisible = 0;
			defaultConfigurationName = Release;
		};
/* End XCConfigurationList section */

/* Begin XCVersionGroup section */
		C4207C9F21C9728000DB891E /* Livros.xcdatamodeld */ = {
			isa = XCVersionGroup;
			children = (
				C4207CA021C9728000DB891E /* Livros.xcdatamodel */,
			);
			currentVersion = C4207CA021C9728000DB891E /* Livros.xcdatamodel */;
			path = Livros.xcdatamodeld;
			sourceTree = "<group>";
			versionGroupType = wrapper.xcdatamodel;
		};
/* End XCVersionGroup section */
	};
	rootObject = D7DF9E0B21C1AAF10018B3EA /* Project object */;
}
